
Microsoft Visual Studio Solution File, Format Version 12.00
# Visual Studio Version 17
VisualStudioVersion = 17.5.33424.131
MinimumVisualStudioVersion = 10.0.40219.1
Project("{9A19103F-16F7-4668-BE54-9A1E7A4F7556}") = "TaskManager_API", "TaskManager_API\TaskManager_API.csproj", "{48B538FA-596C-4F4D-97F4-36F4CD2428D6}"
EndProject
Project("{9A19103F-16F7-4668-BE54-9A1E7A4F7556}") = "Domain", "Domain\Domain.csproj", "{B043AC2C-CE9A-4C56-8613-C1B35A362DCE}"
EndProject
Project("{FAE04EC0-301F-11D3-BF4B-00C04F79EFBC}") = "TaskClient", "TaskClient\TaskClient.csproj", "{5FE88471-6C84-4513-AF7C-37EBF0C03B31}"
EndProject
Global
	GlobalSection(SolutionConfigurationPlatforms) = preSolution
		Debug|Any CPU = Debug|Any CPU
		Release|Any CPU = Release|Any CPU
	EndGlobalSection
	GlobalSection(ProjectConfigurationPlatforms) = postSolution
		{48B538FA-596C-4F4D-97F4-36F4CD2428D6}.Debug|Any CPU.ActiveCfg = Debug|Any CPU
		{48B538FA-596C-4F4D-97F4-36F4CD2428D6}.Debug|Any CPU.Build.0 = Debug|Any CPU
		{48B538FA-596C-4F4D-97F4-36F4CD2428D6}.Release|Any CPU.ActiveCfg = Release|Any CPU
		{48B538FA-596C-4F4D-97F4-36F4CD2428D6}.Release|Any CPU.Build.0 = Release|Any CPU
		{B043AC2C-CE9A-4C56-8613-C1B35A362DCE}.Debug|Any CPU.ActiveCfg = Debug|Any CPU
		{B043AC2C-CE9A-4C56-8613-C1B35A362DCE}.Debug|Any CPU.Build.0 = Debug|Any CPU
		{B043AC2C-CE9A-4C56-8613-C1B35A362DCE}.Release|Any CPU.ActiveCfg = Release|Any CPU
		{B043AC2C-CE9A-4C56-8613-C1B35A362DCE}.Release|Any CPU.Build.0 = Release|Any CPU
		{5FE88471-6C84-4513-AF7C-37EBF0C03B31}.Debug|Any CPU.ActiveCfg = Debug|Any CPU
		{5FE88471-6C84-4513-AF7C-37EBF0C03B31}.Debug|Any CPU.Build.0 = Debug|Any CPU
		{5FE88471-6C84-4513-AF7C-37EBF0C03B31}.Release|Any CPU.ActiveCfg = Release|Any CPU
		{5FE88471-6C84-4513-AF7C-37EBF0C03B31}.Release|Any CPU.Build.0 = Release|Any CPU
	EndGlobalSection
	GlobalSection(SolutionProperties) = preSolution
		HideSolutionNode = FALSE
	EndGlobalSection
	GlobalSection(ExtensibilityGlobals) = postSolution
		SolutionGuid = {88380C18-AA8A-46A7-BCB1-8DC9FB95D484}
	EndGlobalSection
EndGlobal
